// !$*UTF8*$!
{
	archiveVersion = 1;
	classes = {
	};
	objectVersion = 46;
	objects = {

/* Begin PBXBuildFile section */
		2A19ED1B1EE873F100F9EE8A /* AppDelegate.swift in Sources */ = {isa = PBXBuildFile; fileRef = 2A19ED1A1EE873F100F9EE8A /* AppDelegate.swift */; };
		2A19ED1D1EE873F100F9EE8A /* ViewController.swift in Sources */ = {isa = PBXBuildFile; fileRef = 2A19ED1C1EE873F100F9EE8A /* ViewController.swift */; };
		2A19ED221EE873F100F9EE8A /* Assets.xcassets in Resources */ = {isa = PBXBuildFile; fileRef = 2A19ED211EE873F100F9EE8A /* Assets.xcassets */; };
		2A19ED251EE873F100F9EE8A /* LaunchScreen.storyboard in Resources */ = {isa = PBXBuildFile; fileRef = 2A19ED231EE873F100F9EE8A /* LaunchScreen.storyboard */; };
		2A19ED301EE873F100F9EE8A /* target_demoTests.swift in Sources */ = {isa = PBXBuildFile; fileRef = 2A19ED2F1EE873F100F9EE8A /* target_demoTests.swift */; };
		2A19ED3B1EE873F100F9EE8A /* target_demoUITests.swift in Sources */ = {isa = PBXBuildFile; fileRef = 2A19ED3A1EE873F100F9EE8A /* target_demoUITests.swift */; };
/* End PBXBuildFile section */

/* Begin PBXContainerItemProxy section */
		2A19ED2C1EE873F100F9EE8A /* PBXContainerItemProxy */ = {
			isa = PBXContainerItemProxy;
			containerPortal = 2A19ED0F1EE873F100F9EE8A /* Project object */;
			proxyType = 1;
			remoteGlobalIDString = 2A19ED161EE873F100F9EE8A;
			remoteInfo = target_demo;
		};
		2A19ED371EE873F100F9EE8A /* PBXContainerItemProxy */ = {
			isa = PBXContainerItemProxy;
			containerPortal = 2A19ED0F1EE873F100F9EE8A /* Project object */;
			proxyType = 1;
			remoteGlobalIDString = 2A19ED161EE873F100F9EE8A;
			remoteInfo = target_demo;
		};
/* End PBXContainerItemProxy section */

/* Begin PBXFileReference section */
		2A19ED171EE873F100F9EE8A /* target_demo.app */ = {isa = PBXFileReference; explicitFileType = wrapper.application; includeInIndex = 0; path = target_demo.app; sourceTree = BUILT_PRODUCTS_DIR; };
		2A19ED1A1EE873F100F9EE8A /* AppDelegate.swift */ = {isa = PBXFileReference; lastKnownFileType = sourcecode.swift; path = AppDelegate.swift; sourceTree = "<group>"; };
		2A19ED1C1EE873F100F9EE8A /* ViewController.swift */ = {isa = PBXFileReference; lastKnownFileType = sourcecode.swift; path = ViewController.swift; sourceTree = "<group>"; };
		2A19ED211EE873F100F9EE8A /* Assets.xcassets */ = {isa = PBXFileReference; lastKnownFileType = folder.assetcatalog; path = Assets.xcassets; sourceTree = "<group>"; };
		2A19ED241EE873F100F9EE8A /* Base */ = {isa = PBXFileReference; lastKnownFileType = file.storyboard; name = Base; path = Base.lproj/LaunchScreen.storyboard; sourceTree = "<group>"; };
		2A19ED261EE873F100F9EE8A /* Info.plist */ = {isa = PBXFileReference; lastKnownFileType = text.plist.xml; path = Info.plist; sourceTree = "<group>"; };
		2A19ED2B1EE873F100F9EE8A /* target_demoTests.xctest */ = {isa = PBXFileReference; explicitFileType = wrapper.cfbundle; includeInIndex = 0; path = target_demoTests.xctest; sourceTree = BUILT_PRODUCTS_DIR; };
		2A19ED2F1EE873F100F9EE8A /* target_demoTests.swift */ = {isa = PBXFileReference; lastKnownFileType = sourcecode.swift; path = target_demoTests.swift; sourceTree = "<group>"; };
		2A19ED311EE873F100F9EE8A /* Info.plist */ = {isa = PBXFileReference; lastKnownFileType = text.plist.xml; path = Info.plist; sourceTree = "<group>"; };
		2A19ED361EE873F100F9EE8A /* target_demoUITests.xctest */ = {isa = PBXFileReference; explicitFileType = wrapper.cfbundle; includeInIndex = 0; path = target_demoUITests.xctest; sourceTree = BUILT_PRODUCTS_DIR; };
		2A19ED3A1EE873F100F9EE8A /* target_demoUITests.swift */ = {isa = PBXFileReference; lastKnownFileType = sourcecode.swift; path = target_demoUITests.swift; sourceTree = "<group>"; };
		2A19ED3C1EE873F100F9EE8A /* Info.plist */ = {isa = PBXFileReference; lastKnownFileType = text.plist.xml; path = Info.plist; sourceTree = "<group>"; };
/* End PBXFileReference section */

/* Begin PBXFrameworksBuildPhase section */
		2A19ED141EE873F100F9EE8A /* Frameworks */ = {
			isa = PBXFrameworksBuildPhase;
			buildActionMask = 2147483647;
			files = (
			);
			runOnlyForDeploymentPostprocessing = 0;
		};
		2A19ED281EE873F100F9EE8A /* Frameworks */ = {
			isa = PBXFrameworksBuildPhase;
			buildActionMask = 2147483647;
			files = (
			);
			runOnlyForDeploymentPostprocessing = 0;
		};
		2A19ED331EE873F100F9EE8A /* Frameworks */ = {
			isa = PBXFrameworksBuildPhase;
			buildActionMask = 2147483647;
			files = (
			);
			runOnlyForDeploymentPostprocessing = 0;
		};
/* End PBXFrameworksBuildPhase section */

/* Begin PBXGroup section */
		2A19ED0E1EE873F100F9EE8A = {
			isa = PBXGroup;
			children = (
				2A19ED191EE873F100F9EE8A /* target_demo */,
				2A19ED2E1EE873F100F9EE8A /* target_demoTests */,
				2A19ED391EE873F100F9EE8A /* target_demoUITests */,
				2A19ED181EE873F100F9EE8A /* Products */,
			);
			sourceTree = "<group>";
		};
		2A19ED181EE873F100F9EE8A /* Products */ = {
			isa = PBXGroup;
			children = (
				2A19ED171EE873F100F9EE8A /* target_demo.app */,
				2A19ED2B1EE873F100F9EE8A /* target_demoTests.xctest */,
				2A19ED361EE873F100F9EE8A /* target_demoUITests.xctest */,
			);
			name = Products;
			sourceTree = "<group>";
		};
		2A19ED191EE873F100F9EE8A /* target_demo */ = {
			isa = PBXGroup;
			children = (
				2A19ED1A1EE873F100F9EE8A /* AppDelegate.swift */,
				2A19ED1C1EE873F100F9EE8A /* ViewController.swift */,
				2A19ED211EE873F100F9EE8A /* Assets.xcassets */,
				2A19ED231EE873F100F9EE8A /* LaunchScreen.storyboard */,
				2A19ED261EE873F100F9EE8A /* Info.plist */,
			);
			path = target_demo;
			sourceTree = "<group>";
		};
		2A19ED2E1EE873F100F9EE8A /* target_demoTests */ = {
			isa = PBXGroup;
			children = (
				2A19ED2F1EE873F100F9EE8A /* target_demoTests.swift */,
				2A19ED311EE873F100F9EE8A /* Info.plist */,
			);
			path = target_demoTests;
			sourceTree = "<group>";
		};
		2A19ED391EE873F100F9EE8A /* target_demoUITests */ = {
			isa = PBXGroup;
			children = (
				2A19ED3A1EE873F100F9EE8A /* target_demoUITests.swift */,
				2A19ED3C1EE873F100F9EE8A /* Info.plist */,
			);
			path = target_demoUITests;
			sourceTree = "<group>";
		};
/* End PBXGroup section */

/* Begin PBXNativeTarget section */
		2A19ED161EE873F100F9EE8A /* target_demo */ = {
			isa = PBXNativeTarget;
			buildConfigurationList = 2A19ED3F1EE873F100F9EE8A /* Build configuration list for PBXNativeTarget "target_demo" */;
			buildPhases = (
				2A19ED131EE873F100F9EE8A /* Sources */,
				2A19ED141EE873F100F9EE8A /* Frameworks */,
				2A19ED151EE873F100F9EE8A /* Resources */,
			);
			buildRules = (
			);
			dependencies = (
			);
			name = target_demo;
			productName = target_demo;
			productReference = 2A19ED171EE873F100F9EE8A /* target_demo.app */;
			productType = "com.apple.product-type.application";
		};
		2A19ED2A1EE873F100F9EE8A /* target_demoTests */ = {
			isa = PBXNativeTarget;
			buildConfigurationList = 2A19ED421EE873F100F9EE8A /* Build configuration list for PBXNativeTarget "target_demoTests" */;
			buildPhases = (
				2A19ED271EE873F100F9EE8A /* Sources */,
				2A19ED281EE873F100F9EE8A /* Frameworks */,
				2A19ED291EE873F100F9EE8A /* Resources */,
			);
			buildRules = (
			);
			dependencies = (
				2A19ED2D1EE873F100F9EE8A /* PBXTargetDependency */,
			);
			name = target_demoTests;
			productName = target_demoTests;
			productReference = 2A19ED2B1EE873F100F9EE8A /* target_demoTests.xctest */;
			productType = "com.apple.product-type.bundle.unit-test";
		};
		2A19ED351EE873F100F9EE8A /* target_demoUITests */ = {
			isa = PBXNativeTarget;
			buildConfigurationList = 2A19ED451EE873F100F9EE8A /* Build configuration list for PBXNativeTarget "target_demoUITests" */;
			buildPhases = (
				2A19ED321EE873F100F9EE8A /* Sources */,
				2A19ED331EE873F100F9EE8A /* Frameworks */,
				2A19ED341EE873F100F9EE8A /* Resources */,
			);
			buildRules = (
			);
			dependencies = (
				2A19ED381EE873F100F9EE8A /* PBXTargetDependency */,
			);
			name = target_demoUITests;
			productName = target_demoUITests;
			productReference = 2A19ED361EE873F100F9EE8A /* target_demoUITests.xctest */;
			productType = "com.apple.product-type.bundle.ui-testing";
		};
/* End PBXNativeTarget section */

/* Begin PBXProject section */
		2A19ED0F1EE873F100F9EE8A /* Project object */ = {
			isa = PBXProject;
			attributes = {
				LastSwiftUpdateCheck = 0830;
				LastUpgradeCheck = 0830;
				ORGANIZATIONNAME = thexande;
				TargetAttributes = {
					2A19ED161EE873F100F9EE8A = {
						CreatedOnToolsVersion = 8.3.1;
						LastSwiftMigration = 0900;
						ProvisioningStyle = Automatic;
					};
					2A19ED2A1EE873F100F9EE8A = {
						CreatedOnToolsVersion = 8.3.1;
						LastSwiftMigration = 0900;
						ProvisioningStyle = Automatic;
						TestTargetID = 2A19ED161EE873F100F9EE8A;
					};
					2A19ED351EE873F100F9EE8A = {
						CreatedOnToolsVersion = 8.3.1;
						LastSwiftMigration = 0900;
						ProvisioningStyle = Automatic;
						TestTargetID = 2A19ED161EE873F100F9EE8A;
					};
				};
			};
			buildConfigurationList = 2A19ED121EE873F100F9EE8A /* Build configuration list for PBXProject "target_demo" */;
			compatibilityVersion = "Xcode 3.2";
			developmentRegion = English;
			hasScannedForEncodings = 0;
			knownRegions = (
				en,
				Base,
			);
			mainGroup = 2A19ED0E1EE873F100F9EE8A;
			productRefGroup = 2A19ED181EE873F100F9EE8A /* Products */;
			projectDirPath = "";
			projectRoot = "";
			targets = (
				2A19ED161EE873F100F9EE8A /* target_demo */,
				2A19ED2A1EE873F100F9EE8A /* target_demoTests */,
				2A19ED351EE873F100F9EE8A /* target_demoUITests */,
			);
		};
/* End PBXProject section */

/* Begin PBXResourcesBuildPhase section */
		2A19ED151EE873F100F9EE8A /* Resources */ = {
			isa = PBXResourcesBuildPhase;
			buildActionMask = 2147483647;
			files = (
				2A19ED251EE873F100F9EE8A /* LaunchScreen.storyboard in Resources */,
				2A19ED221EE873F100F9EE8A /* Assets.xcassets in Resources */,
			);
			runOnlyForDeploymentPostprocessing = 0;
		};
		2A19ED291EE873F100F9EE8A /* Resources */ = {
			isa = PBXResourcesBuildPhase;
			buildActionMask = 2147483647;
			files = (
			);
			runOnlyForDeploymentPostprocessing = 0;
		};
		2A19ED341EE873F100F9EE8A /* Resources */ = {
			isa = PBXResourcesBuildPhase;
			buildActionMask = 2147483647;
			files = (
			);
			runOnlyForDeploymentPostprocessing = 0;
		};
/* End PBXResourcesBuildPhase section */

/* Begin PBXSourcesBuildPhase section */
		2A19ED131EE873F100F9EE8A /* Sources */ = {
			isa = PBXSourcesBuildPhase;
			buildActionMask = 2147483647;
			files = (
				2A19ED1D1EE873F100F9EE8A /* ViewController.swift in Sources */,
				2A19ED1B1EE873F100F9EE8A /* AppDelegate.swift in Sources */,
			);
			runOnlyForDeploymentPostprocessing = 0;
		};
		2A19ED271EE873F100F9EE8A /* Sources */ = {
			isa = PBXSourcesBuildPhase;
			buildActionMask = 2147483647;
			files = (
				2A19ED301EE873F100F9EE8A /* target_demoTests.swift in Sources */,
			);
			runOnlyForDeploymentPostprocessing = 0;
		};
		2A19ED321EE873F100F9EE8A /* Sources */ = {
			isa = PBXSourcesBuildPhase;
			buildActionMask = 2147483647;
			files = (
				2A19ED3B1EE873F100F9EE8A /* target_demoUITests.swift in Sources */,
			);
			runOnlyForDeploymentPostprocessing = 0;
		};
/* End PBXSourcesBuildPhase section */

/* Begin PBXTargetDependency section */
		2A19ED2D1EE873F100F9EE8A /* PBXTargetDependency */ = {
			isa = PBXTargetDependency;
			target = 2A19ED161EE873F100F9EE8A /* target_demo */;
			targetProxy = 2A19ED2C1EE873F100F9EE8A /* PBXContainerItemProxy */;
		};
		2A19ED381EE873F100F9EE8A /* PBXTargetDependency */ = {
			isa = PBXTargetDependency;
			target = 2A19ED161EE873F100F9EE8A /* target_demo */;
			targetProxy = 2A19ED371EE873F100F9EE8A /* PBXContainerItemProxy */;
		};
/* End PBXTargetDependency section */

/* Begin PBXVariantGroup section */
		2A19ED231EE873F100F9EE8A /* LaunchScreen.storyboard */ = {
			isa = PBXVariantGroup;
			children = (
				2A19ED241EE873F100F9EE8A /* Base */,
			);
			name = LaunchScreen.storyboard;
			sourceTree = "<group>";
		};
/* End PBXVariantGroup section */

/* Begin XCBuildConfiguration section */
		2A19ED3D1EE873F100F9EE8A /* Debug */ = {
			isa = XCBuildConfiguration;
			buildSettings = {
				ALWAYS_SEARCH_USER_PATHS = NO;
				CLANG_ANALYZER_NONNULL = YES;
				CLANG_ANALYZER_NUMBER_OBJECT_CONVERSION = YES_AGGRESSIVE;
				CLANG_CXX_LANGUAGE_STANDARD = "gnu++0x";
				CLANG_CXX_LIBRARY = "libc++";
				CLANG_ENABLE_MODULES = YES;
				CLANG_ENABLE_OBJC_ARC = YES;
				CLANG_WARN_BOOL_CONVERSION = YES;
				CLANG_WARN_CONSTANT_CONVERSION = YES;
				CLANG_WARN_DIRECT_OBJC_ISA_USAGE = YES_ERROR;
				CLANG_WARN_DOCUMENTATION_COMMENTS = YES;
				CLANG_WARN_EMPTY_BODY = YES;
				CLANG_WARN_ENUM_CONVERSION = YES;
				CLANG_WARN_INFINITE_RECURSION = YES;
				CLANG_WARN_INT_CONVERSION = YES;
				CLANG_WARN_OBJC_ROOT_CLASS = YES_ERROR;
				CLANG_WARN_SUSPICIOUS_MOVE = YES;
				CLANG_WARN_UNREACHABLE_CODE = YES;
				CLANG_WARN__DUPLICATE_METHOD_MATCH = YES;
				"CODE_SIGN_IDENTITY[sdk=iphoneos*]" = "iPhone Developer";
				COPY_PHASE_STRIP = NO;
				DEBUG_INFORMATION_FORMAT = dwarf;
				ENABLE_STRICT_OBJC_MSGSEND = YES;
				ENABLE_TESTABILITY = YES;
				GCC_C_LANGUAGE_STANDARD = gnu99;
				GCC_DYNAMIC_NO_PIC = NO;
				GCC_NO_COMMON_BLOCKS = YES;
				GCC_OPTIMIZATION_LEVEL = 0;
				GCC_PREPROCESSOR_DEFINITIONS = (
					"DEBUG=1",
					"$(inherited)",
				);
				GCC_WARN_64_TO_32_BIT_CONVERSION = YES;
				GCC_WARN_ABOUT_RETURN_TYPE = YES_ERROR;
				GCC_WARN_UNDECLARED_SELECTOR = YES;
				GCC_WARN_UNINITIALIZED_AUTOS = YES_AGGRESSIVE;
				GCC_WARN_UNUSED_FUNCTION = YES;
				GCC_WARN_UNUSED_VARIABLE = YES;
				IPHONEOS_DEPLOYMENT_TARGET = 10.3;
				MTL_ENABLE_DEBUG_INFO = YES;
				ONLY_ACTIVE_ARCH = YES;
				SDKROOT = iphoneos;
				SWIFT_ACTIVE_COMPILATION_CONDITIONS = DEBUG;
				SWIFT_OPTIMIZATION_LEVEL = "-Onone";
				TARGETED_DEVICE_FAMILY = "1,2";
			};
			name = Debug;
		};
		2A19ED3E1EE873F100F9EE8A /* Release */ = {
			isa = XCBuildConfiguration;
			buildSettings = {
				ALWAYS_SEARCH_USER_PATHS = NO;
				CLANG_ANALYZER_NONNULL = YES;
				CLANG_ANALYZER_NUMBER_OBJECT_CONVERSION = YES_AGGRESSIVE;
				CLANG_CXX_LANGUAGE_STANDARD = "gnu++0x";
				CLANG_CXX_LIBRARY = "libc++";
				CLANG_ENABLE_MODULES = YES;
				CLANG_ENABLE_OBJC_ARC = YES;
				CLANG_WARN_BOOL_CONVERSION = YES;
				CLANG_WARN_CONSTANT_CONVERSION = YES;
				CLANG_WARN_DIRECT_OBJC_ISA_USAGE = YES_ERROR;
				CLANG_WARN_DOCUMENTATION_COMMENTS = YES;
				CLANG_WARN_EMPTY_BODY = YES;
				CLANG_WARN_ENUM_CONVERSION = YES;
				CLANG_WARN_INFINITE_RECURSION = YES;
				CLANG_WARN_INT_CONVERSION = YES;
				CLANG_WARN_OBJC_ROOT_CLASS = YES_ERROR;
				CLANG_WARN_SUSPICIOUS_MOVE = YES;
				CLANG_WARN_UNREACHABLE_CODE = YES;
				CLANG_WARN__DUPLICATE_METHOD_MATCH = YES;
				"CODE_SIGN_IDENTITY[sdk=iphoneos*]" = "iPhone Developer";
				COPY_PHASE_STRIP = NO;
				DEBUG_INFORMATION_FORMAT = "dwarf-with-dsym";
				ENABLE_NS_ASSERTIONS = NO;
				ENABLE_STRICT_OBJC_MSGSEND = YES;
				GCC_C_LANGUAGE_STANDARD = gnu99;
				GCC_NO_COMMON_BLOCKS = YES;
				GCC_WARN_64_TO_32_BIT_CONVERSION = YES;
				GCC_WARN_ABOUT_RETURN_TYPE = YES_ERROR;
				GCC_WARN_UNDECLARED_SELECTOR = YES;
				GCC_WARN_UNINITIALIZED_AUTOS = YES_AGGRESSIVE;
				GCC_WARN_UNUSED_FUNCTION = YES;
				GCC_WARN_UNUSED_VARIABLE = YES;
				IPHONEOS_DEPLOYMENT_TARGET = 10.3;
				MTL_ENABLE_DEBUG_INFO = NO;
				SDKROOT = iphoneos;
				SWIFT_OPTIMIZATION_LEVEL = "-Owholemodule";
				TARGETED_DEVICE_FAMILY = "1,2";
				VALIDATE_PRODUCT = YES;
			};
			name = Release;
		};
		2A19ED401EE873F100F9EE8A /* Debug */ = {
			isa = XCBuildConfiguration;
			buildSettings = {
				ASSETCATALOG_COMPILER_APPICON_NAME = AppIcon;
				INFOPLIST_FILE = target_demo/Info.plist;
				LD_RUNPATH_SEARCH_PATHS = "$(inherited) @executable_path/Frameworks";
				PRODUCT_BUNDLE_IDENTIFIER = "com.thexande.target-demo";
				PRODUCT_NAME = "$(TARGET_NAME)";
				SWIFT_SWIFT3_OBJC_INFERENCE = On;
				SWIFT_VERSION = 4.0;
			};
			name = Debug;
		};
		2A19ED411EE873F100F9EE8A /* Release */ = {
			isa = XCBuildConfiguration;
			buildSettings = {
				ASSETCATALOG_COMPILER_APPICON_NAME = AppIcon;
				INFOPLIST_FILE = target_demo/Info.plist;
				LD_RUNPATH_SEARCH_PATHS = "$(inherited) @executable_path/Frameworks";
				PRODUCT_BUNDLE_IDENTIFIER = "com.thexande.target-demo";
				PRODUCT_NAME = "$(TARGET_NAME)";
				SWIFT_SWIFT3_OBJC_INFERENCE = On;
				SWIFT_VERSION = 4.0;
			};
			name = Release;
		};
		2A19ED431EE873F100F9EE8A /* Debug */ = {
			isa = XCBuildConfiguration;
			buildSettings = {
				ALWAYS_EMBED_SWIFT_STANDARD_LIBRARIES = YES;
				BUNDLE_LOADER = "$(TEST_HOST)";
				INFOPLIST_FILE = target_demoTests/Info.plist;
				LD_RUNPATH_SEARCH_PATHS = "$(inherited) @executable_path/Frameworks @loader_path/Frameworks";
				PRODUCT_BUNDLE_IDENTIFIER = "com.thexande.target-demoTests";
				PRODUCT_NAME = "$(TARGET_NAME)";
				SWIFT_SWIFT3_OBJC_INFERENCE = On;
				SWIFT_VERSION = 4.0;
				TEST_HOST = "$(BUILT_PRODUCTS_DIR)/target_demo.app/target_demo";
			};
			name = Debug;
		};
		2A19ED441EE873F100F9EE8A /* Release */ = {
			isa = XCBuildConfiguration;
			buildSettings = {
				ALWAYS_EMBED_SWIFT_STANDARD_LIBRARIES = YES;
				BUNDLE_LOADER = "$(TEST_HOST)";
				INFOPLIST_FILE = target_demoTests/Info.plist;
				LD_RUNPATH_SEARCH_PATHS = "$(inherited) @executable_path/Frameworks @loader_path/Frameworks";
				PRODUCT_BUNDLE_IDENTIFIER = "com.thexande.target-demoTests";
				PRODUCT_NAME = "$(TARGET_NAME)";
				SWIFT_SWIFT3_OBJC_INFERENCE = On;
				SWIFT_VERSION = 4.0;
				TEST_HOST = "$(BUILT_PRODUCTS_DIR)/target_demo.app/target_demo";
			};
			name = Release;
		};
		2A19ED461EE873F100F9EE8A /* Debug */ = {
			isa = XCBuildConfiguration;
			buildSettings = {
				ALWAYS_EMBED_SWIFT_STANDARD_LIBRARIES = YES;
				INFOPLIST_FILE = target_demoUITests/Info.plist;
				LD_RUNPATH_SEARCH_PATHS = "$(inherited) @executable_path/Frameworks @loader_path/Frameworks";
				PRODUCT_BUNDLE_IDENTIFIER = "com.thexande.target-demoUITests";
				PRODUCT_NAME = "$(TARGET_NAME)";
				SWIFT_SWIFT3_OBJC_INFERENCE = On;
				SWIFT_VERSION = 4.0;
				TEST_TARGET_NAME = target_demo;
			};
			name = Debug;
		};
		2A19ED471EE873F100F9EE8A /* Release */ = {
			isa = XCBuildConfiguration;
			buildSettings = {
				ALWAYS_EMBED_SWIFT_STANDARD_LIBRARIES = YES;
				INFOPLIST_FILE = target_demoUITests/Info.plist;
				LD_RUNPATH_SEARCH_PATHS = "$(inherited) @executable_path/Frameworks @loader_path/Frameworks";
				PRODUCT_BUNDLE_IDENTIFIER = "com.thexande.target-demoUITests";
				PRODUCT_NAME = "$(TARGET_NAME)";
				SWIFT_SWIFT3_OBJC_INFERENCE = On;
				SWIFT_VERSION = 4.0;
				TEST_TARGET_NAME = target_demo;
			};
			name = Release;
		};
/* End XCBuildConfiguration section */

/* Begin XCConfigurationList section */
		2A19ED121EE873F100F9EE8A /* Build configuration list for PBXProject "target_demo" */ = {
			isa = XCConfigurationList;
			buildConfigurations = (
				2A19ED3D1EE873F100F9EE8A /* Debug */,
				2A19ED3E1EE873F100F9EE8A /* Release */,
			);
			defaultConfigurationIsVisible = 0;
			defaultConfigurationName = Release;
		};
		2A19ED3F1EE873F100F9EE8A /* Build configuration list for PBXNativeTarget "target_demo" */ = {
			isa = XCConfigurationList;
			buildConfigurations = (
				2A19ED401EE873F100F9EE8A /* Debug */,
				2A19ED411EE873F100F9EE8A /* Release */,
			);
			defaultConfigurationIsVisible = 0;
			defaultConfigurationName = Release;
		};
		2A19ED421EE873F100F9EE8A /* Build configuration list for PBXNativeTarget "target_demoTests" */ = {
			isa = XCConfigurationList;
			buildConfigurations = (
				2A19ED431EE873F100F9EE8A /* Debug */,
				2A19ED441EE873F100F9EE8A /* Release */,
			);
			defaultConfigurationIsVisible = 0;
			defaultConfigurationName = Release;
		};
		2A19ED451EE873F100F9EE8A /* Build configuration list for PBXNativeTarget "target_demoUITests" */ = {
			isa = XCConfigurationList;
			buildConfigurations = (
				2A19ED461EE873F100F9EE8A /* Debug */,
				2A19ED471EE873F100F9EE8A /* Release */,
			);
			defaultConfigurationIsVisible = 0;
			defaultConfigurationName = Release;
		};
/* End XCConfigurationList section */
	};
	rootObject = 2A19ED0F1EE873F100F9EE8A /* Project object */;
}
